Microsoft Visual Studio Solution File, Format Version 12.00
# Visual Studio Version 17
VisualStudioVersion = 17.5.2.0
MinimumVisualStudioVersion = 10.0.40219.1
Project("{FAE04EC0-301F-11D3-BF4B-00C04F79EFBC}") = "OptiVoltCLI", "OptiVoltCLI.csproj", "{BCA1C4AE-D2B3-AFD3-C23C-313C79923A62}"
EndProject
Global
	GlobalSection(SolutionConfigurationPlatforms) = preSolution
		Debug|Any CPU = Debug|Any CPU
		Release|Any CPU = Release|Any CPU
	EndGlobalSection
	GlobalSection(ProjectConfigurationPlatforms) = postSolution
		{BCA1C4AE-D2B3-AFD3-C23C-313C79923A62}.Debug|Any CPU.ActiveCfg = Debug|Any CPU
		{BCA1C4AE-D2B3-AFD3-C23C-313C79923A62}.Debug|Any CPU.Build.0 = Debug|Any CPU
		{BCA1C4AE-D2B3-AFD3-C23C-313C79923A62}.Release|Any CPU.ActiveCfg = Release|Any CPU
		{BCA1C4AE-D2B3-AFD3-C23C-313C79923A62}.Release|Any CPU.Build.0 = Release|Any CPU
	EndGlobalSection
	GlobalSection(SolutionProperties) = preSolution
		HideSolutionNode = FALSE
	EndGlobalSection
	GlobalSection(ExtensibilityGlobals) = postSolution
		SolutionGuid = {8CE1C9B3-EAA9-4F4D-B41F-A22DE2C627D5}
	EndGlobalSection
EndGlobal
